
Microsoft Visual Studio Solution File, Format Version 12.00
# Visual Studio Version 17
VisualStudioVersion = 17.5.33516.290
MinimumVisualStudioVersion = 10.0.40219.1
Project("{FAE04EC0-301F-11D3-BF4B-00C04F79EFBC}") = "WebLenaLoginForm", "WebLenaLoginForm\WebLenaLoginForm.csproj", "{501942E1-0E55-44F3-A83C-123C11BDFB7D}"
EndProject
Global
	GlobalSection(SolutionConfigurationPlatforms) = preSolution
		Debug|Any CPU = Debug|Any CPU
		Release|Any CPU = Release|Any CPU
	EndGlobalSection
	GlobalSection(ProjectConfigurationPlatforms) = postSolution
		{501942E1-0E55-44F3-A83C-123C11BDFB7D}.Debug|Any CPU.ActiveCfg = Debug|Any CPU
		{501942E1-0E55-44F3-A83C-123C11BDFB7D}.Debug|Any CPU.Build.0 = Debug|Any CPU
		{501942E1-0E55-44F3-A83C-123C11BDFB7D}.Release|Any CPU.ActiveCfg = Release|Any CPU
		{501942E1-0E55-44F3-A83C-123C11BDFB7D}.Release|Any CPU.Build.0 = Release|Any CPU
	EndGlobalSection
	GlobalSection(SolutionProperties) = preSolution
		HideSolutionNode = FALSE
	EndGlobalSection
	GlobalSection(ExtensibilityGlobals) = postSolution
		SolutionGuid = {2EFF7232-1B70-4ACF-B7B6-5505F8631107}
	EndGlobalSection
EndGlobal
